
Microsoft Visual Studio Solution File, Format Version 12.00
# Visual Studio Version 16
VisualStudioVersion = 16.0.29613.14
MinimumVisualStudioVersion = 10.0.40219.1
Project("{9A19103F-16F7-4668-BE54-9A1E7A4F7556}") = "IdentityConfigurationSample", "IdentityConfigurationSample\IdentityConfigurationSample.csproj", "{37A59213-4E19-4D6F-A7D5-3EC636FDDFBD}"
EndProject
Global
	GlobalSection(SolutionConfigurationPlatforms) = preSolution
		Debug|Any CPU = Debug|Any CPU
		Release|Any CPU = Release|Any CPU
	EndGlobalSection
	GlobalSection(ProjectConfigurationPlatforms) = postSolution
		{37A59213-4E19-4D6F-A7D5-3EC636FDDFBD}.Debug|Any CPU.ActiveCfg = Debug|Any CPU
		{37A59213-4E19-4D6F-A7D5-3EC636FDDFBD}.Debug|Any CPU.Build.0 = Debug|Any CPU
		{37A59213-4E19-4D6F-A7D5-3EC636FDDFBD}.Release|Any CPU.ActiveCfg = Release|Any CPU
		{37A59213-4E19-4D6F-A7D5-3EC636FDDFBD}.Release|Any CPU.Build.0 = Release|Any CPU
	EndGlobalSection
	GlobalSection(SolutionProperties) = preSolution
		HideSolutionNode = FALSE
	EndGlobalSection
	GlobalSection(ExtensibilityGlobals) = postSolution
		SolutionGuid = {D3545E52-87EF-46B9-A4C5-7BABF1053564}
	EndGlobalSection
EndGlobal
