
Microsoft Visual Studio Solution File, Format Version 12.00
# Visual Studio Version 16
VisualStudioVersion = 16.0.29613.14
MinimumVisualStudioVersion = 10.0.40219.1
Project("{FAE04EC0-301F-11D3-BF4B-00C04F79EFBC}") = "CookieAuthSampleAPI", "CookieAuthSampleAPI\CookieAuthSampleAPI.csproj", "{4278326A-A47C-43BA-958D-8F83E8639E0C}"
EndProject
Global
	GlobalSection(SolutionConfigurationPlatforms) = preSolution
		Debug|Any CPU = Debug|Any CPU
		Release|Any CPU = Release|Any CPU
	EndGlobalSection
	GlobalSection(ProjectConfigurationPlatforms) = postSolution
		{4278326A-A47C-43BA-958D-8F83E8639E0C}.Debug|Any CPU.ActiveCfg = Debug|Any CPU
		{4278326A-A47C-43BA-958D-8F83E8639E0C}.Debug|Any CPU.Build.0 = Debug|Any CPU
		{4278326A-A47C-43BA-958D-8F83E8639E0C}.Release|Any CPU.ActiveCfg = Release|Any CPU
		{4278326A-A47C-43BA-958D-8F83E8639E0C}.Release|Any CPU.Build.0 = Release|Any CPU
	EndGlobalSection
	GlobalSection(SolutionProperties) = preSolution
		HideSolutionNode = FALSE
	EndGlobalSection
	GlobalSection(ExtensibilityGlobals) = postSolution
		SolutionGuid = {D3545E52-87EF-46B9-A4C5-7BABF1053564}
	EndGlobalSection
EndGlobal
